// !$*UTF8*$!
{
	archiveVersion = 1;
	classes = {
	};
	objectVersion = 46;
	objects = {

/* Begin PBXBuildFile section */
		EA31945E1B1F5021002C8516 /* main.c in Sources */ = {isa = PBXBuildFile; fileRef = EA31945D1B1F5021002C8516 /* main.c */; };
		EA3194661B1F5175002C8516 /* CertTrustSetter.cpp in Sources */ = {isa = PBXBuildFile; fileRef = EA3194651B1F5175002C8516 /* CertTrustSetter.cpp */; };
/* End PBXBuildFile section */

/* Begin PBXCopyFilesBuildPhase section */
		EA3194581B1F5020002C8516 /* CopyFiles */ = {
			isa = PBXCopyFilesBuildPhase;
			buildActionMask = 2147483647;
			dstPath = /usr/share/man/man1/;
			dstSubfolderSpec = 0;
			files = (
			);
			runOnlyForDeploymentPostprocessing = 1;
		};
/* End PBXCopyFilesBuildPhase section */

/* Begin PBXFileReference section */
		EA31945A1B1F5021002C8516 /* CertTrustSetter */ = {isa = PBXFileReference; explicitFileType = "compiled.mach-o.executable"; includeInIndex = 0; path = CertTrustSetter; sourceTree = BUILT_PRODUCTS_DIR; };
		EA31945D1B1F5021002C8516 /* main.c */ = {isa = PBXFileReference; lastKnownFileType = sourcecode.c.c; path = main.c; sourceTree = "<group>"; };
		EA3194641B1F504E002C8516 /* CertTrustSetter.h */ = {isa = PBXFileReference; fileEncoding = 4; lastKnownFileType = sourcecode.c.h; path = CertTrustSetter.h; sourceTree = "<group>"; };
		EA3194651B1F5175002C8516 /* CertTrustSetter.cpp */ = {isa = PBXFileReference; fileEncoding = 4; lastKnownFileType = sourcecode.cpp.cpp; path = CertTrustSetter.cpp; sourceTree = "<group>"; };
/* End PBXFileReference section */

/* Begin PBXFrameworksBuildPhase section */
		EA3194571B1F5020002C8516 /* Frameworks */ = {
			isa = PBXFrameworksBuildPhase;
			buildActionMask = 2147483647;
			files = (
			);
			runOnlyForDeploymentPostprocessing = 0;
		};
/* End PBXFrameworksBuildPhase section */

/* Begin PBXGroup section */
		EA3194511B1F5020002C8516 = {
			isa = PBXGroup;
			children = (
				EA31945C1B1F5021002C8516 /* CertTrustSetter */,
				EA31945B1B1F5021002C8516 /* Products */,
			);
			sourceTree = "<group>";
		};
		EA31945B1B1F5021002C8516 /* Products */ = {
			isa = PBXGroup;
			children = (
				EA31945A1B1F5021002C8516 /* CertTrustSetter */,
			);
			name = Products;
			sourceTree = "<group>";
		};
		EA31945C1B1F5021002C8516 /* CertTrustSetter */ = {
			isa = PBXGroup;
			children = (
				EA31945D1B1F5021002C8516 /* main.c */,
				EA3194641B1F504E002C8516 /* CertTrustSetter.h */,
				EA3194651B1F5175002C8516 /* CertTrustSetter.cpp */,
			);
			path = CertTrustSetter;
			sourceTree = "<group>";
		};
/* End PBXGroup section */

/* Begin PBXNativeTarget section */
		EA3194591B1F5020002C8516 /* CertTrustSetter */ = {
			isa = PBXNativeTarget;
			buildConfigurationList = EA3194611B1F5021002C8516 /* Build configuration list for PBXNativeTarget "CertTrustSetter" */;
			buildPhases = (
				EA3194561B1F5020002C8516 /* Sources */,
				EA3194571B1F5020002C8516 /* Frameworks */,
				EA3194581B1F5020002C8516 /* CopyFiles */,
			);
			buildRules = (
			);
			dependencies = (
			);
			name = CertTrustSetter;
			productName = CertTrustSetter;
			productReference = EA31945A1B1F5021002C8516 /* CertTrustSetter */;
			productType = "com.apple.product-type.tool";
		};
/* End PBXNativeTarget section */

/* Begin PBXProject section */
		EA3194521B1F5020002C8516 /* Project object */ = {
			isa = PBXProject;
			attributes = {
				LastUpgradeCheck = 0630;
				ORGANIZATIONNAME = "Matthew Sylvia";
				TargetAttributes = {
					EA3194591B1F5020002C8516 = {
						CreatedOnToolsVersion = 6.3;
					};
				};
			};
			buildConfigurationList = EA3194551B1F5020002C8516 /* Build configuration list for PBXProject "CertTrustSetter" */;
			compatibilityVersion = "Xcode 3.2";
			developmentRegion = English;
			hasScannedForEncodings = 0;
			knownRegions = (
				en,
			);
			mainGroup = EA3194511B1F5020002C8516;
			productRefGroup = EA31945B1B1F5021002C8516 /* Products */;
			projectDirPath = "";
			projectRoot = "";
			targets = (
				EA3194591B1F5020002C8516 /* CertTrustSetter */,
			);
		};
/* End PBXProject section */

/* Begin PBXSourcesBuildPhase section */
		EA3194561B1F5020002C8516 /* Sources */ = {
			isa = PBXSourcesBuildPhase;
			buildActionMask = 2147483647;
			files = (
				EA31945E1B1F5021002C8516 /* main.c in Sources */,
				EA3194661B1F5175002C8516 /* CertTrustSetter.cpp in Sources */,
			);
			runOnlyForDeploymentPostprocessing = 0;
		};
/* End PBXSourcesBuildPhase section */

/* Begin XCBuildConfiguration section */
		EA31945F1B1F5021002C8516 /* Debug */ = {
			isa = XCBuildConfiguration;
			buildSettings = {
				ALWAYS_SEARCH_USER_PATHS = NO;
				CLANG_CXX_LANGUAGE_STANDARD = "gnu++0x";
				CLANG_CXX_LIBRARY = "libc++";
				CLANG_ENABLE_MODULES = YES;
				CLANG_ENABLE_OBJC_ARC = YES;
				CLANG_WARN_BOOL_CONVERSION = YES;
				CLANG_WARN_CONSTANT_CONVERSION = YES;
				CLANG_WARN_DIRECT_OBJC_ISA_USAGE = YES_ERROR;
				CLANG_WARN_EMPTY_BODY = YES;
				CLANG_WARN_ENUM_CONVERSION = YES;
				CLANG_WARN_INT_CONVERSION = YES;
				CLANG_WARN_OBJC_ROOT_CLASS = YES_ERROR;
				CLANG_WARN_UNREACHABLE_CODE = YES;
				CLANG_WARN__DUPLICATE_METHOD_MATCH = YES;
				COPY_PHASE_STRIP = NO;
				DEBUG_INFORMATION_FORMAT = dwarf;
				ENABLE_STRICT_OBJC_MSGSEND = YES;
				GCC_C_LANGUAGE_STANDARD = gnu99;
				GCC_DYNAMIC_NO_PIC = NO;
				GCC_NO_COMMON_BLOCKS = YES;
				GCC_OPTIMIZATION_LEVEL = 0;
				GCC_PREPROCESSOR_DEFINITIONS = (
					"DEBUG=1",
					"$(inherited)",
				);
				GCC_SYMBOLS_PRIVATE_EXTERN = NO;
				GCC_WARN_64_TO_32_BIT_CONVERSION = YES;
				GCC_WARN_ABOUT_RETURN_TYPE = YES_ERROR;
				GCC_WARN_UNDECLARED_SELECTOR = YES;
				GCC_WARN_UNINITIALIZED_AUTOS = YES_AGGRESSIVE;
				GCC_WARN_UNUSED_FUNCTION = YES;
				GCC_WARN_UNUSED_VARIABLE = YES;
				MACOSX_DEPLOYMENT_TARGET = 10.10;
				MTL_ENABLE_DEBUG_INFO = YES;
				ONLY_ACTIVE_ARCH = YES;
				SDKROOT = macosx;
			};
			name = Debug;
		};
		EA3194601B1F5021002C8516 /* Release */ = {
			isa = XCBuildConfiguration;
			buildSettings = {
				ALWAYS_SEARCH_USER_PATHS = NO;
				CLANG_CXX_LANGUAGE_STANDARD = "gnu++0x";
				CLANG_CXX_LIBRARY = "libc++";
				CLANG_ENABLE_MODULES = YES;
				CLANG_ENABLE_OBJC_ARC = YES;
				CLANG_WARN_BOOL_CONVERSION = YES;
				CLANG_WARN_CONSTANT_CONVERSION = YES;
				CLANG_WARN_DIRECT_OBJC_ISA_USAGE = YES_ERROR;
				CLANG_WARN_EMPTY_BODY = YES;
				CLANG_WARN_ENUM_CONVERSION = YES;
				CLANG_WARN_INT_CONVERSION = YES;
				CLANG_WARN_OBJC_ROOT_CLASS = YES_ERROR;
				CLANG_WARN_UNREACHABLE_CODE = YES;
				CLANG_WARN__DUPLICATE_METHOD_MATCH = YES;
				COPY_PHASE_STRIP = NO;
				DEBUG_INFORMATION_FORMAT = "dwarf-with-dsym";
				ENABLE_NS_ASSERTIONS = NO;
				ENABLE_STRICT_OBJC_MSGSEND = YES;
				GCC_C_LANGUAGE_STANDARD = gnu99;
				GCC_NO_COMMON_BLOCKS = YES;
				GCC_WARN_64_TO_32_BIT_CONVERSION = YES;
				GCC_WARN_ABOUT_RETURN_TYPE = YES_ERROR;
				GCC_WARN_UNDECLARED_SELECTOR = YES;
				GCC_WARN_UNINITIALIZED_AUTOS = YES_AGGRESSIVE;
				GCC_WARN_UNUSED_FUNCTION = YES;
				GCC_WARN_UNUSED_VARIABLE = YES;
				MACOSX_DEPLOYMENT_TARGET = 10.10;
				MTL_ENABLE_DEBUG_INFO = NO;
				SDKROOT = macosx;
			};
			name = Release;
		};
		EA3194621B1F5021002C8516 /* Debug */ = {
			isa = XCBuildConfiguration;
			buildSettings = {
				CLANG_CXX_LANGUAGE_STANDARD = "compiler-default";
				CLANG_CXX_LIBRARY = "compiler-default";
				GCC_C_LANGUAGE_STANDARD = "compiler-default";
				PRODUCT_NAME = "$(TARGET_NAME)";
			};
			name = Debug;
		};
		EA3194631B1F5021002C8516 /* Release */ = {
			isa = XCBuildConfiguration;
			buildSettings = {
				CLANG_CXX_LANGUAGE_STANDARD = "compiler-default";
				CLANG_CXX_LIBRARY = "compiler-default";
				GCC_C_LANGUAGE_STANDARD = "compiler-default";
				PRODUCT_NAME = "$(TARGET_NAME)";
			};
			name = Release;
		};
/* End XCBuildConfiguration section */

/* Begin XCConfigurationList section */
		EA3194551B1F5020002C8516 /* Build configuration list for PBXProject "CertTrustSetter" */ = {
			isa = XCConfigurationList;
			buildConfigurations = (
				EA31945F1B1F5021002C8516 /* Debug */,
				EA3194601B1F5021002C8516 /* Release */,
			);
			defaultConfigurationIsVisible = 0;
			defaultConfigurationName = Release;
		};
		EA3194611B1F5021002C8516 /* Build configuration list for PBXNativeTarget "CertTrustSetter" */ = {
			isa = XCConfigurationList;
			buildConfigurations = (
				EA3194621B1F5021002C8516 /* Debug */,
				EA3194631B1F5021002C8516 /* Release */,
			);
			defaultConfigurationIsVisible = 0;
		};
/* End XCConfigurationList section */
	};
	rootObject = EA3194521B1F5020002C8516 /* Project object */;
}
